
Microsoft Visual Studio Solution File, Format Version 12.00
# Visual Studio Version 17
VisualStudioVersion = 17.2.32526.322
MinimumVisualStudioVersion = 10.0.40219.1
Project("{FAE04EC0-301F-11D3-BF4B-00C04F79EFBC}") = "RS.WorkSettingsFix", "RS.WorkSettingsFix\RS.WorkSettingsFix.csproj", "{2B9E017D-DD47-42EF-8CBB-340AD2E542DB}"
EndProject
Project("{FAE04EC0-301F-11D3-BF4B-00C04F79EFBC}") = "RS.Locks2MiscRobots", "RS.Locks2MiscRobots\RS.Locks2MiscRobots.csproj", "{D81FE7A1-72ED-4CBE-8241-481E4D170BFD}"
EndProject
Project("{FAE04EC0-301F-11D3-BF4B-00C04F79EFBC}") = "RS.MechCanDo", "RS.MechCanDo\RS.MechCanDo.csproj", "{009B92D7-6402-41EF-98EB-E14EAFCAA352}"
EndProject
Project("{FAE04EC0-301F-11D3-BF4B-00C04F79EFBC}") = "RS.SanguophageRebalanced", "RS.SanguophageRebalanced\RS.SanguophageRebalanced.csproj", "{6D1304C5-4690-46AB-8061-BF5EFCA3A6CC}"
EndProject
Project("{FAE04EC0-301F-11D3-BF4B-00C04F79EFBC}") = "RS.DynamicPersonaWeapons", "RS.DynamicPersonaWeapons\RS.DynamicPersonaWeapons.csproj", "{FDD7242E-5A78-477F-9C33-BE4E2758D9C0}"
EndProject
Global
	GlobalSection(SolutionConfigurationPlatforms) = preSolution
		Debug|Any CPU = Debug|Any CPU
		Release|Any CPU = Release|Any CPU
	EndGlobalSection
	GlobalSection(ProjectConfigurationPlatforms) = postSolution
		{2B9E017D-DD47-42EF-8CBB-340AD2E542DB}.Debug|Any CPU.ActiveCfg = Debug|Any CPU
		{2B9E017D-DD47-42EF-8CBB-340AD2E542DB}.Debug|Any CPU.Build.0 = Debug|Any CPU
		{2B9E017D-DD47-42EF-8CBB-340AD2E542DB}.Release|Any CPU.ActiveCfg = Release|Any CPU
		{2B9E017D-DD47-42EF-8CBB-340AD2E542DB}.Release|Any CPU.Build.0 = Release|Any CPU
		{D81FE7A1-72ED-4CBE-8241-481E4D170BFD}.Debug|Any CPU.ActiveCfg = Debug|Any CPU
		{D81FE7A1-72ED-4CBE-8241-481E4D170BFD}.Debug|Any CPU.Build.0 = Debug|Any CPU
		{D81FE7A1-72ED-4CBE-8241-481E4D170BFD}.Release|Any CPU.ActiveCfg = Release|Any CPU
		{D81FE7A1-72ED-4CBE-8241-481E4D170BFD}.Release|Any CPU.Build.0 = Release|Any CPU
		{009B92D7-6402-41EF-98EB-E14EAFCAA352}.Debug|Any CPU.ActiveCfg = Debug|Any CPU
		{009B92D7-6402-41EF-98EB-E14EAFCAA352}.Debug|Any CPU.Build.0 = Debug|Any CPU
		{009B92D7-6402-41EF-98EB-E14EAFCAA352}.Release|Any CPU.ActiveCfg = Release|Any CPU
		{009B92D7-6402-41EF-98EB-E14EAFCAA352}.Release|Any CPU.Build.0 = Release|Any CPU
		{6D1304C5-4690-46AB-8061-BF5EFCA3A6CC}.Debug|Any CPU.ActiveCfg = Debug|Any CPU
		{6D1304C5-4690-46AB-8061-BF5EFCA3A6CC}.Debug|Any CPU.Build.0 = Debug|Any CPU
		{6D1304C5-4690-46AB-8061-BF5EFCA3A6CC}.Release|Any CPU.ActiveCfg = Release|Any CPU
		{6D1304C5-4690-46AB-8061-BF5EFCA3A6CC}.Release|Any CPU.Build.0 = Release|Any CPU
		{FDD7242E-5A78-477F-9C33-BE4E2758D9C0}.Debug|Any CPU.ActiveCfg = Debug|Any CPU
		{FDD7242E-5A78-477F-9C33-BE4E2758D9C0}.Debug|Any CPU.Build.0 = Debug|Any CPU
		{FDD7242E-5A78-477F-9C33-BE4E2758D9C0}.Release|Any CPU.ActiveCfg = Release|Any CPU
		{FDD7242E-5A78-477F-9C33-BE4E2758D9C0}.Release|Any CPU.Build.0 = Release|Any CPU
	EndGlobalSection
	GlobalSection(SolutionProperties) = preSolution
		HideSolutionNode = FALSE
	EndGlobalSection
	GlobalSection(ExtensibilityGlobals) = postSolution
		SolutionGuid = {EE72ED55-3A77-4E37-842B-6B13D77CD9AB}
	EndGlobalSection
EndGlobal
